
Microsoft Visual Studio Solution File, Format Version 12.00
# Visual Studio Version 16
VisualStudioVersion = 16.0.31911.196
MinimumVisualStudioVersion = 10.0.40219.1
Project("{FAE04EC0-301F-11D3-BF4B-00C04F79EFBC}") = "Oop-exam-december-2021-21944", "Oop-exam-december-2021-21944.csproj", "{5C5D2F09-E439-41D6-9D1E-C953CA8CF824}"
EndProject
Global
	GlobalSection(SolutionConfigurationPlatforms) = preSolution
		Debug|Any CPU = Debug|Any CPU
		Release|Any CPU = Release|Any CPU
	EndGlobalSection
	GlobalSection(ProjectConfigurationPlatforms) = postSolution
		{5C5D2F09-E439-41D6-9D1E-C953CA8CF824}.Debug|Any CPU.ActiveCfg = Debug|Any CPU
		{5C5D2F09-E439-41D6-9D1E-C953CA8CF824}.Debug|Any CPU.Build.0 = Debug|Any CPU
		{5C5D2F09-E439-41D6-9D1E-C953CA8CF824}.Release|Any CPU.ActiveCfg = Release|Any CPU
		{5C5D2F09-E439-41D6-9D1E-C953CA8CF824}.Release|Any CPU.Build.0 = Release|Any CPU
	EndGlobalSection
	GlobalSection(SolutionProperties) = preSolution
		HideSolutionNode = FALSE
	EndGlobalSection
	GlobalSection(ExtensibilityGlobals) = postSolution
		SolutionGuid = {455DA57B-0E93-4992-AF8E-1EF48D9C0423}
	EndGlobalSection
EndGlobal
